
Microsoft Visual Studio Solution File, Format Version 12.00
# Visual Studio 15
Project("{FAE04EC0-301F-11D3-BF4B-00C04F79EFBC}") = "NumberBaseConverter", "NumberBaseConverter\NumberBaseConverter.csproj", "{478A20D0-D841-486C-B626-0CA9C6DD76CC}"
EndProject
Global
	GlobalSection(SolutionConfigurationPlatforms) = preSolution
		Debug|anycpu = Debug|anycpu
		Release|anycpu = Release|anycpu
	EndGlobalSection
	GlobalSection(ProjectConfigurationPlatforms) = postSolution
		{478A20D0-D841-486C-B626-0CA9C6DD76CC}.Debug|anycpu.ActiveCfg = Debug|anycpu
		{478A20D0-D841-486C-B626-0CA9C6DD76CC}.Debug|anycpu.Build.0 = Debug|anycpu
		{478A20D0-D841-486C-B626-0CA9C6DD76CC}.Release|anycpu.ActiveCfg = Release|anycpu
		{478A20D0-D841-486C-B626-0CA9C6DD76CC}.Release|anycpu.Build.0 = Release|anycpu
	EndGlobalSection
EndGlobal
